
Microsoft Visual Studio Solution File, Format Version 12.00
# Visual Studio Version 16
VisualStudioVersion = 25.0.1705.4
MinimumVisualStudioVersion = 10.0.40219.1
Project("{FAE04EC0-301F-11D3-BF4B-00C04F79EFBC}") = "Savarankiskas_Darbas", "Savarankiskas_Darbas.csproj", "{BDABE290-3B61-4EC7-9103-1D2C6073578F}"
EndProject
Project("{FAE04EC0-301F-11D3-BF4B-00C04F79EFBC}") = "15uzduotisSeleniumFramework", "..\15uzduotisSeleniumFramework\15uzduotisSeleniumFramework.csproj", "{8C82D018-043E-4402-9E14-EBB8C91F1B1D}"
EndProject
Project("{FAE04EC0-301F-11D3-BF4B-00C04F79EFBC}") = "15uzduotisSeleniumTest", "..\15uzduotisSeleniumTest\15uzduotisSeleniumTest.csproj", "{03821ED3-1428-4C70-BC8C-CF6FAC4D38EE}"
EndProject
Project("{FAE04EC0-301F-11D3-BF4B-00C04F79EFBC}") = "16uzduotisDemoEasySeleniumFramework", "..\16uzduotisDemoEasySeleniumFramework\16uzduotisDemoEasySeleniumFramework.csproj", "{E608EAD5-AB13-4017-B47D-78BFB6EE6EAE}"
EndProject
Project("{FAE04EC0-301F-11D3-BF4B-00C04F79EFBC}") = "16uzduotisDemoEasySeleniumTest", "..\16uzduotisDemoEasySeleniumTest\16uzduotisDemoEasySeleniumTest.csproj", "{DD6A4AA3-0CCD-4B69-90E6-9DB8196612B6}"
EndProject
Global
	GlobalSection(SolutionConfigurationPlatforms) = preSolution
		Debug|Any CPU = Debug|Any CPU
		Release|Any CPU = Release|Any CPU
	EndGlobalSection
	GlobalSection(ProjectConfigurationPlatforms) = postSolution
		{BDABE290-3B61-4EC7-9103-1D2C6073578F}.Debug|Any CPU.ActiveCfg = Debug|Any CPU
		{BDABE290-3B61-4EC7-9103-1D2C6073578F}.Debug|Any CPU.Build.0 = Debug|Any CPU
		{BDABE290-3B61-4EC7-9103-1D2C6073578F}.Release|Any CPU.ActiveCfg = Release|Any CPU
		{BDABE290-3B61-4EC7-9103-1D2C6073578F}.Release|Any CPU.Build.0 = Release|Any CPU
		{8C82D018-043E-4402-9E14-EBB8C91F1B1D}.Debug|Any CPU.ActiveCfg = Debug|Any CPU
		{8C82D018-043E-4402-9E14-EBB8C91F1B1D}.Debug|Any CPU.Build.0 = Debug|Any CPU
		{8C82D018-043E-4402-9E14-EBB8C91F1B1D}.Release|Any CPU.ActiveCfg = Release|Any CPU
		{8C82D018-043E-4402-9E14-EBB8C91F1B1D}.Release|Any CPU.Build.0 = Release|Any CPU
		{03821ED3-1428-4C70-BC8C-CF6FAC4D38EE}.Debug|Any CPU.ActiveCfg = Debug|Any CPU
		{03821ED3-1428-4C70-BC8C-CF6FAC4D38EE}.Debug|Any CPU.Build.0 = Debug|Any CPU
		{03821ED3-1428-4C70-BC8C-CF6FAC4D38EE}.Release|Any CPU.ActiveCfg = Release|Any CPU
		{03821ED3-1428-4C70-BC8C-CF6FAC4D38EE}.Release|Any CPU.Build.0 = Release|Any CPU
		{E608EAD5-AB13-4017-B47D-78BFB6EE6EAE}.Debug|Any CPU.ActiveCfg = Debug|Any CPU
		{E608EAD5-AB13-4017-B47D-78BFB6EE6EAE}.Debug|Any CPU.Build.0 = Debug|Any CPU
		{E608EAD5-AB13-4017-B47D-78BFB6EE6EAE}.Release|Any CPU.ActiveCfg = Release|Any CPU
		{E608EAD5-AB13-4017-B47D-78BFB6EE6EAE}.Release|Any CPU.Build.0 = Release|Any CPU
		{DD6A4AA3-0CCD-4B69-90E6-9DB8196612B6}.Debug|Any CPU.ActiveCfg = Debug|Any CPU
		{DD6A4AA3-0CCD-4B69-90E6-9DB8196612B6}.Debug|Any CPU.Build.0 = Debug|Any CPU
		{DD6A4AA3-0CCD-4B69-90E6-9DB8196612B6}.Release|Any CPU.ActiveCfg = Release|Any CPU
		{DD6A4AA3-0CCD-4B69-90E6-9DB8196612B6}.Release|Any CPU.Build.0 = Release|Any CPU
	EndGlobalSection
	GlobalSection(SolutionProperties) = preSolution
		HideSolutionNode = FALSE
	EndGlobalSection
	GlobalSection(ExtensibilityGlobals) = postSolution
		SolutionGuid = {4942706F-A180-4E1B-A299-BB6E09108736}
	EndGlobalSection
EndGlobal
