
Microsoft Visual Studio Solution File, Format Version 12.00
# Visual Studio Version 16
VisualStudioVersion = 25.0.1705.4
MinimumVisualStudioVersion = 10.0.40219.1
Project("{FAE04EC0-301F-11D3-BF4B-00C04F79EFBC}") = "Savarankiskas_Darbas", "Savarankiskas_Darbas.csproj", "{BDABE290-3B61-4EC7-9103-1D2C6073578F}"
EndProject
Global
	GlobalSection(SolutionConfigurationPlatforms) = preSolution
		Debug|Any CPU = Debug|Any CPU
		Release|Any CPU = Release|Any CPU
	EndGlobalSection
	GlobalSection(ProjectConfigurationPlatforms) = postSolution
		{BDABE290-3B61-4EC7-9103-1D2C6073578F}.Debug|Any CPU.ActiveCfg = Debug|Any CPU
		{BDABE290-3B61-4EC7-9103-1D2C6073578F}.Debug|Any CPU.Build.0 = Debug|Any CPU
		{BDABE290-3B61-4EC7-9103-1D2C6073578F}.Release|Any CPU.ActiveCfg = Release|Any CPU
		{BDABE290-3B61-4EC7-9103-1D2C6073578F}.Release|Any CPU.Build.0 = Release|Any CPU
	EndGlobalSection
	GlobalSection(SolutionProperties) = preSolution
		HideSolutionNode = FALSE
	EndGlobalSection
	GlobalSection(ExtensibilityGlobals) = postSolution
		SolutionGuid = {4942706F-A180-4E1B-A299-BB6E09108736}
	EndGlobalSection
EndGlobal
